github.com/deploymenttheory/go-bindings-win32 v0.1.0 h1:uMRnxui0s1tXu3j9S/Nn8DSNw0fAghU+iJ2idptC0zQ=
github.com/deploymenttheory/go-bindings-win32 v0.1.0/go.mod h1:GJsBWx+STW+OznEuL2duFXW/zakpBsxflLzCr/Pb9MY=
github.com/deploymenttheory/go-winmd v0.2.0 h1:NJ/y8pQzroEJvdy4cRt9CKY/aNgzx7roh2dWEi7mx7M=
github.com/deploymenttheory/go-winmd v0.2.0/go.mod h1:NCfBjdOlOObVRHJ9afmVsTWlAEhvMD8MIXpnph3caxY=
